PODS:
  - Alamofire (3.5.0)
  - AlamofireImage (2.0.0):
    - Alamofire (~> 3.0)
  - Crashlytics (3.8.2):
    - Fabric (~> 1.6.3)
  - DACircularProgress (2.3.1)
  - Fabric (1.6.8)
  - Fusuma (0.5.2)
  - GoogleMaps (2.0.1):
    - GoogleMaps/Maps (= 2.0.1)
  - GoogleMaps/Base (2.0.1)
  - GoogleMaps/Maps (2.0.1):
    - GoogleMaps/Base (= 2.0.1)
  - GooglePlaces (2.0.1):
    - GoogleMaps/Base (= 2.0.1)
  - IQKeyboardManagerSwift (4.0.5)
  - MBProgressHUD (0.9.2)
  - MWPhotoBrowser (2.1.2):
    - DACircularProgress (~> 2.3)
    - MBProgressHUD (~> 0.9)
    - SDWebImage (!= 3.7.2, ~> 3.7)
  - SDWebImage (3.8.2):
    - SDWebImage/Core (= 3.8.2)
  - SDWebImage/Core (3.8.2)
  - SKPhotoBrowser (2.0.2)

DEPENDENCIES:
  - AlamofireImage (= 2.0)
  - Crashlytics
  - Fabric
  - Fusuma
  - GoogleMaps
  - GooglePlaces
  - IQKeyboardManagerSwift (= 4.0.5)
  - MWPhotoBrowser
  - SKPhotoBrowser

SPEC CHECKSUMS:
  Alamofire: b70a7352335f8ea5babd0a923eb7e8eacc67b877
  AlamofireImage: 5cecda9b1031f86067c89ddba1d91ead0a8c3f0e
  Crashlytics: 27acca95a01b042a8294291dd6dff27f8f6af6d7
  DACircularProgress: 4dd437c0fc3da5161cb289e07ac449493d41db71
  Fabric: 5755268d0171435ab167e3d0878a28a777deaf10
  Fusuma: 7cdf6d3ee8e0e09335118a807408795523e20de8
  GoogleMaps: f09da64fc987c1aa29394567c3cab5a3df83c402
  GooglePlaces: 72fab1d1651c6df0322f2aad245ffb15b80d3c56
  IQKeyboardManagerSwift: 41fd3a45a2cdb2a0e031af697708a95b865068a1
  MBProgressHUD: 1569cf7ace17a8bac47aabfbb8580a49690386d1
  MWPhotoBrowser: 5836d7aa041dc05a13de380c246826578adc5ea5
  SDWebImage: 098e97e6176540799c27e804c96653ee0833d13c
  SKPhotoBrowser: a23a4125deca7451d298248c7eafc8332fb909df

PODFILE CHECKSUM: 906c8bb542291cc19f66c2a0ca566420e2e786cc

COCOAPODS: 1.1.0.rc.2
